
Microsoft Visual Studio Solution File, Format Version 12.00
# Visual Studio 15
VisualStudioVersion = 15.0.28307.421
MinimumVisualStudioVersion = 10.0.40219.1
Project("{FAE04EC0-301F-11D3-BF4B-00C04F79EFBC}") = "ModelGRY", "ModelGRY\ModelGRY.csproj", "{B69B0220-5AF3-4EAB-8208-7B9DDA696B1A}"
EndProject
Global
	GlobalSection(SolutionConfigurationPlatforms) = preSolution
		Debug|Any CPU = Debug|Any CPU
		Release|Any CPU = Release|Any CPU
	EndGlobalSection
	GlobalSection(ProjectConfigurationPlatforms) = postSolution
		{B69B0220-5AF3-4EAB-8208-7B9DDA696B1A}.Debug|Any CPU.ActiveCfg = Debug|Any CPU
		{B69B0220-5AF3-4EAB-8208-7B9DDA696B1A}.Debug|Any CPU.Build.0 = Debug|Any CPU
		{B69B0220-5AF3-4EAB-8208-7B9DDA696B1A}.Release|Any CPU.ActiveCfg = Release|Any CPU
		{B69B0220-5AF3-4EAB-8208-7B9DDA696B1A}.Release|Any CPU.Build.0 = Release|Any CPU
	EndGlobalSection
	GlobalSection(SolutionProperties) = preSolution
		HideSolutionNode = FALSE
	EndGlobalSection
	GlobalSection(ExtensibilityGlobals) = postSolution
		SolutionGuid = {2AA930A1-296C-4416-A95D-A4967414DD04}
	EndGlobalSection
EndGlobal
